
Microsoft Visual Studio Solution File, Format Version 12.00
# Visual Studio Version 16
VisualStudioVersion = 16.0.29905.134
MinimumVisualStudioVersion = 10.0.40219.1
Project("{9A19103F-16F7-4668-BE54-9A1E7A4F7556}") = "lab2", "lab2.csproj", "{F0E038A7-D5B2-4CFB-89DF-FA9EE259B4B0}"
EndProject
Global
	GlobalSection(SolutionConfigurationPlatforms) = preSolution
		Debug|Any CPU = Debug|Any CPU
		Release|Any CPU = Release|Any CPU
	EndGlobalSection
	GlobalSection(ProjectConfigurationPlatforms) = postSolution
		{F0E038A7-D5B2-4CFB-89DF-FA9EE259B4B0}.Debug|Any CPU.ActiveCfg = Debug|Any CPU
		{F0E038A7-D5B2-4CFB-89DF-FA9EE259B4B0}.Debug|Any CPU.Build.0 = Debug|Any CPU
		{F0E038A7-D5B2-4CFB-89DF-FA9EE259B4B0}.Release|Any CPU.ActiveCfg = Release|Any CPU
		{F0E038A7-D5B2-4CFB-89DF-FA9EE259B4B0}.Release|Any CPU.Build.0 = Release|Any CPU
	EndGlobalSection
	GlobalSection(SolutionProperties) = preSolution
		HideSolutionNode = FALSE
	EndGlobalSection
	GlobalSection(ExtensibilityGlobals) = postSolution
		SolutionGuid = {E802D971-88FA-471F-A2DA-CD33FD2FE015}
	EndGlobalSection
EndGlobal
